
Microsoft Visual Studio Solution File, Format Version 12.00
# Visual Studio 15
Project("{FAE04EC0-301F-11D3-BF4B-00C04F79EFBC}") = "AspApp", "AspApp\AspApp.csproj", "{DCEB69E8-3567-4E79-9A0D-4FBDFB8D7B6B}"
EndProject
Project("{FAE04EC0-301F-11D3-BF4B-00C04F79EFBC}") = "DataLayer", "DataLayer\DataLayer.csproj", "{97B8742C-FDDC-4AFD-A1B7-18F399366185}"
EndProject
Global
	GlobalSection(SolutionConfigurationPlatforms) = preSolution
		Debug|Any CPU = Debug|Any CPU
		Release|Any CPU = Release|Any CPU
	EndGlobalSection
	GlobalSection(ProjectConfigurationPlatforms) = postSolution
		{DCEB69E8-3567-4E79-9A0D-4FBDFB8D7B6B}.Debug|Any CPU.ActiveCfg = Debug|Any CPU
		{DCEB69E8-3567-4E79-9A0D-4FBDFB8D7B6B}.Debug|Any CPU.Build.0 = Debug|Any CPU
		{DCEB69E8-3567-4E79-9A0D-4FBDFB8D7B6B}.Release|Any CPU.ActiveCfg = Release|Any CPU
		{DCEB69E8-3567-4E79-9A0D-4FBDFB8D7B6B}.Release|Any CPU.Build.0 = Release|Any CPU
		{97B8742C-FDDC-4AFD-A1B7-18F399366185}.Debug|Any CPU.ActiveCfg = Debug|Any CPU
		{97B8742C-FDDC-4AFD-A1B7-18F399366185}.Debug|Any CPU.Build.0 = Debug|Any CPU
		{97B8742C-FDDC-4AFD-A1B7-18F399366185}.Release|Any CPU.ActiveCfg = Release|Any CPU
		{97B8742C-FDDC-4AFD-A1B7-18F399366185}.Release|Any CPU.Build.0 = Release|Any CPU
	EndGlobalSection
EndGlobal
